{
    "_readme": [
        "This file locks the dependencies of your project to a known state",
        "Read more about it at http://getcomposer.org/doc/01-basic-usage.md#composer-lock-the-lock-file",
        "This file is @generated automatically"
    ],
    "hash": "9cebc69c4a8abe391ea001e664b942b3",
    "packages": [
        {
            "name": "cypresslab/gitelephant",
            "version": "v1.0.10",
            "source": {
                "type": "git",
                "url": "https://github.com/matteosister/GitElephant.git",
                "reference": "b66342938eb32c8401e40bd36668ff45141a9f3d"
            },
            "dist": {
                "type": "zip",
                "url": "https://api.github.com/repos/matteosister/GitElephant/zipball/b66342938eb32c8401e40bd36668ff45141a9f3d",
                "reference": "b66342938eb32c8401e40bd36668ff45141a9f3d",
                "shasum": ""
            },
            "require": {
                "php": ">=5.3.0",
                "phpcollection/phpcollection": "~0.4",
                "symfony/filesystem": "~2.0",
                "symfony/finder": "~2.0",
                "symfony/process": "~2.0"
            },
            "require-dev": {
                "mockery/mockery": "0.9.*",
                "phpunit/phpunit": "4.1.*",
                "sami/sami": "dev-master"
            },
            "type": "library",
            "autoload": {
                "psr-0": {
                    "GitElephant": "src/"
                }
            },
            "notification-url": "https://packagist.org/downloads/",
            "license": [
                "LGPL-3.0+"
            ],
            "authors": [
                {
                    "name": "Matteo Giachino",
                    "email": "matteog@gmail.com"
                }
            ],
            "description": "An abstraction layer for git written in PHP 5.3",
            "homepage": "http://gitelephant.cypresslab.net/",
            "keywords": [
                "git"
            ],
            "time": "2014-09-03 21:00:46"
        },
        {
            "name": "phpcollection/phpcollection",
            "version": "0.4.0",
            "source": {
                "type": "git",
                "url": "https://github.com/schmittjoh/php-collection.git",
                "reference": "b8bf55a0a929ca43b01232b36719f176f86c7e83"
            },
            "dist": {
                "type": "zip",
                "url": "https://api.github.com/repos/schmittjoh/php-collection/zipball/b8bf55a0a929ca43b01232b36719f176f86c7e83",
                "reference": "b8bf55a0a929ca43b01232b36719f176f86c7e83",
                "shasum": ""
            },
            "require": {
                "phpoption/phpoption": "1.*"
            },
            "type": "library",
            "extra": {
                "branch-alias": {
                    "dev-master": "0.3-dev"
                }
            },
            "autoload": {
                "psr-0": {
                    "PhpCollection": "src/"
                }
            },
            "notification-url": "https://packagist.org/downloads/",
            "license": [
                "Apache2"
            ],
            "authors": [
                {
                    "name": "Johannes Schmitt",
                    "email": "schmittjoh@gmail.com",
                    "homepage": "https://github.com/schmittjoh",
                    "role": "Developer of wrapped JMSSerializerBundle"
                }
            ],
            "description": "General-Purpose Collection Library for PHP",
            "keywords": [
                "collection",
                "list",
                "map",
                "sequence",
                "set"
            ],
            "time": "2014-03-11 13:46:42"
        },
        {
            "name": "phpoption/phpoption",
            "version": "1.4.0",
            "source": {
                "type": "git",
                "url": "https://github.com/schmittjoh/php-option.git",
                "reference": "5d099bcf0393908bf4ad69cc47dafb785d51f7f5"
            },
            "dist": {
                "type": "zip",
                "url": "https://api.github.com/repos/schmittjoh/php-option/zipball/5d099bcf0393908bf4ad69cc47dafb785d51f7f5",
                "reference": "5d099bcf0393908bf4ad69cc47dafb785d51f7f5",
                "shasum": ""
            },
            "require": {
                "php": ">=5.3.0"
            },
            "type": "library",
            "extra": {
                "branch-alias": {
                    "dev-master": "1.3-dev"
                }
            },
            "autoload": {
                "psr-0": {
                    "PhpOption\\": "src/"
                }
            },
            "notification-url": "https://packagist.org/downloads/",
            "license": [
                "Apache2"
            ],
            "authors": [
                {
                    "name": "Johannes Schmitt",
                    "email": "schmittjoh@gmail.com",
                    "homepage": "https://github.com/schmittjoh",
                    "role": "Developer of wrapped JMSSerializerBundle"
                }
            ],
            "description": "Option Type for PHP",
            "keywords": [
                "language",
                "option",
                "php",
                "type"
            ],
            "time": "2014-01-09 22:37:17"
        },
        {
            "name": "symfony/console",
            "version": "v2.3.19",
            "target-dir": "Symfony/Component/Console",
            "source": {
                "type": "git",
                "url": "https://github.com/symfony/Console.git",
                "reference": "a2723f99716c2fa6411e2eb5842edbe680e4b462"
            },
            "dist": {
                "type": "zip",
                "url": "https://api.github.com/repos/symfony/Console/zipball/a2723f99716c2fa6411e2eb5842edbe680e4b462",
                "reference": "a2723f99716c2fa6411e2eb5842edbe680e4b462",
                "shasum": ""
            },
            "require": {
                "php": ">=5.3.3"
            },
            "require-dev": {
                "symfony/event-dispatcher": "~2.1"
            },
            "suggest": {
                "symfony/event-dispatcher": ""
            },
            "type": "library",
            "extra": {
                "branch-alias": {
                    "dev-master": "2.3-dev"
                }
            },
            "autoload": {
                "psr-0": {
                    "Symfony\\Component\\Console\\": ""
                }
            },
            "notification-url": "https://packagist.org/downloads/",
            "license": [
                "MIT"
            ],
            "authors": [
                {
                    "name": "Symfony Community",
                    "homepage": "http://symfony.com/contributors"
                },
                {
                    "name": "Fabien Potencier",
                    "email": "fabien@symfony.com"
                }
            ],
            "description": "Symfony Console Component",
            "homepage": "http://symfony.com",
            "time": "2014-08-07 15:55:24"
        },
        {
            "name": "symfony/filesystem",
            "version": "v2.5.4",
            "target-dir": "Symfony/Component/Filesystem",
            "source": {
                "type": "git",
                "url": "https://github.com/symfony/Filesystem.git",
                "reference": "a765efd199e02ff4001c115c318e219030be9364"
            },
            "dist": {
                "type": "zip",
                "url": "https://api.github.com/repos/symfony/Filesystem/zipball/a765efd199e02ff4001c115c318e219030be9364",
                "reference": "a765efd199e02ff4001c115c318e219030be9364",
                "shasum": ""
            },
            "require": {
                "php": ">=5.3.3"
            },
            "type": "library",
            "extra": {
                "branch-alias": {
                    "dev-master": "2.5-dev"
                }
            },
            "autoload": {
                "psr-0": {
                    "Symfony\\Component\\Filesystem\\": ""
                }
            },
            "notification-url": "https://packagist.org/downloads/",
            "license": [
                "MIT"
            ],
            "authors": [
                {
                    "name": "Symfony Community",
                    "homepage": "http://symfony.com/contributors"
                },
                {
                    "name": "Fabien Potencier",
                    "email": "fabien@symfony.com"
                }
            ],
            "description": "Symfony Filesystem Component",
            "homepage": "http://symfony.com",
            "time": "2014-09-03 09:00:14"
        },
        {
            "name": "symfony/finder",
            "version": "v2.5.4",
            "target-dir": "Symfony/Component/Finder",
            "source": {
                "type": "git",
                "url": "https://github.com/symfony/Finder.git",
                "reference": "f40854d1a19c339c7f969f8f6d6d6e9153311c4c"
            },
            "dist": {
                "type": "zip",
                "url": "https://api.github.com/repos/symfony/Finder/zipball/f40854d1a19c339c7f969f8f6d6d6e9153311c4c",
                "reference": "f40854d1a19c339c7f969f8f6d6d6e9153311c4c",
                "shasum": ""
            },
            "require": {
                "php": ">=5.3.3"
            },
            "type": "library",
            "extra": {
                "branch-alias": {
                    "dev-master": "2.5-dev"
                }
            },
            "autoload": {
                "psr-0": {
                    "Symfony\\Component\\Finder\\": ""
                }
            },
            "notification-url": "https://packagist.org/downloads/",
            "license": [
                "MIT"
            ],
            "authors": [
                {
                    "name": "Symfony Community",
                    "homepage": "http://symfony.com/contributors"
                },
                {
                    "name": "Fabien Potencier",
                    "email": "fabien@symfony.com"
                }
            ],
            "description": "Symfony Finder Component",
            "homepage": "http://symfony.com",
            "time": "2014-09-03 09:00:14"
        },
        {
            "name": "symfony/process",
            "version": "v2.5.4",
            "target-dir": "Symfony/Component/Process",
            "source": {
                "type": "git",
                "url": "https://github.com/symfony/Process.git",
                "reference": "136cf0bdaacea81f779583376d47dd8aef4fc6ba"
            },
            "dist": {
                "type": "zip",
                "url": "https://api.github.com/repos/symfony/Process/zipball/136cf0bdaacea81f779583376d47dd8aef4fc6ba",
                "reference": "136cf0bdaacea81f779583376d47dd8aef4fc6ba",
                "shasum": ""
            },
            "require": {
                "php": ">=5.3.3"
            },
            "type": "library",
            "extra": {
                "branch-alias": {
                    "dev-master": "2.5-dev"
                }
            },
            "autoload": {
                "psr-0": {
                    "Symfony\\Component\\Process\\": ""
                }
            },
            "notification-url": "https://packagist.org/downloads/",
            "license": [
                "MIT"
            ],
            "authors": [
                {
                    "name": "Symfony Community",
                    "homepage": "http://symfony.com/contributors"
                },
                {
                    "name": "Fabien Potencier",
                    "email": "fabien@symfony.com"
                }
            ],
            "description": "Symfony Process Component",
            "homepage": "http://symfony.com",
            "time": "2014-08-31 03:22:04"
        }
    ],
    "packages-dev": [

    ],
    "aliases": [

    ],
    "minimum-stability": "stable",
    "stability-flags": [

    ],
    "prefer-stable": false,
    "platform": {
        "php": ">=5.3.2"
    },
    "platform-dev": [

    ]
}
