{
    "hash": "3d76276b8b8f5065abf97c2eb8e580fa",
    "packages": [
        {
            "name": "cypresslab/gitelephant",
            "version": "0.9.14",
            "source": {
                "type": "git",
                "url": "https://github.com/matteosister/GitElephant.git",
                "reference": "v0.9.14"
            },
            "dist": {
                "type": "zip",
                "url": "https://api.github.com/repos/matteosister/GitElephant/zipball/v0.9.14",
                "reference": "v0.9.14",
                "shasum": ""
            },
            "require": {
                "php": ">=5.3.0",
                "symfony/filesystem": "2.1.*@stable",
                "symfony/process": "2.1.*@stable"
            },
            "require-dev": {
                "phpunit/phpunit": "@stable"
            },
            "type": "library",
            "autoload": {
                "psr-0": {
                    "GitElephant": "src/"
                }
            },
            "notification-url": "http://packagist.org/downloads/",
            "license": [
                "LGPLv3"
            ],
            "authors": [
                {
                    "name": "Matteo Giachino",
                    "email": "matteog@gmail.com",
                    "homepage": "https://github.com/matteosister/CypressTreeBundle/tree/develop",
                    "role": "Developer"
                }
            ],
            "description": "An abstraction layer for git written in PHP 5.3",
            "homepage": "http://matteosister.github.com/GitElephant",
            "keywords": [
                "git"
            ],
            "time": "2013-02-23 21:47:02"
        },
        {
            "name": "symfony/filesystem",
            "version": "v2.1.7",
            "target-dir": "Symfony/Component/Filesystem",
            "source": {
                "type": "git",
                "url": "https://github.com/symfony/Filesystem",
                "reference": "v2.1.7"
            },
            "dist": {
                "type": "zip",
                "url": "https://github.com/symfony/Filesystem/archive/v2.1.7.zip",
                "reference": "v2.1.7",
                "shasum": ""
            },
            "require": {
                "php": ">=5.3.3"
            },
            "type": "library",
            "autoload": {
                "psr-0": {
                    "Symfony\\Component\\Filesystem": ""
                }
            },
            "notification-url": "http://packagist.org/downloads/",
            "license": [
                "MIT"
            ],
            "authors": [
                {
                    "name": "Fabien Potencier",
                    "email": "fabien@symfony.com"
                },
                {
                    "name": "Symfony Community",
                    "homepage": "http://symfony.com/contributors"
                }
            ],
            "description": "Symfony Filesystem Component",
            "homepage": "http://symfony.com",
            "time": "2013-01-09 08:51:07"
        },
        {
            "name": "symfony/process",
            "version": "v2.1.7",
            "target-dir": "Symfony/Component/Process",
            "source": {
                "type": "git",
                "url": "https://github.com/symfony/Process",
                "reference": "v2.1.7"
            },
            "dist": {
                "type": "zip",
                "url": "https://api.github.com/repos/symfony/Process/zipball/v2.1.7",
                "reference": "v2.1.7",
                "shasum": ""
            },
            "require": {
                "php": ">=5.3.3"
            },
            "type": "library",
            "autoload": {
                "psr-0": {
                    "Symfony\\Component\\Process": ""
                }
            },
            "notification-url": "http://packagist.org/downloads/",
            "license": [
                "MIT"
            ],
            "authors": [
                {
                    "name": "Fabien Potencier",
                    "email": "fabien@symfony.com"
                },
                {
                    "name": "Symfony Community",
                    "homepage": "http://symfony.com/contributors"
                }
            ],
            "description": "Symfony Process Component",
            "homepage": "http://symfony.com",
            "time": "2013-01-16 09:27:54"
        }
    ],
    "packages-dev": [

    ],
    "aliases": [

    ],
    "minimum-stability": "stable",
    "stability-flags": [

    ]
}
